// !$*UTF8*$!
{
	archiveVersion = 1;
	classes = {
	};
	objectVersion = 56;
	objects = {

/* Begin PBXBuildFile section */
		5AFCC18D2A78B83400FE73DB /* AppDelegate.swift in Sources */ = {isa = PBXBuildFile; fileRef = 5AFCC18C2A78B83400FE73DB /* AppDelegate.swift */; };
		5AFCC18F2A78B83400FE73DB /* SceneDelegate.swift in Sources */ = {isa = PBXBuildFile; fileRef = 5AFCC18E2A78B83400FE73DB /* SceneDelegate.swift */; };
		5AFCC1912A78B83400FE73DB /* LoginViewController.swift in Sources */ = {isa = PBXBuildFile; fileRef = 5AFCC1902A78B83400FE73DB /* LoginViewController.swift */; };
		5AFCC1942A78B83400FE73DB /* Main.storyboard in Resources */ = {isa = PBXBuildFile; fileRef = 5AFCC1922A78B83400FE73DB /* Main.storyboard */; };
		5AFCC1962A78B83500FE73DB /* Assets.xcassets in Resources */ = {isa = PBXBuildFile; fileRef = 5AFCC1952A78B83500FE73DB /* Assets.xcassets */; };
		5AFCC1992A78B83500FE73DB /* LaunchScreen.storyboard in Resources */ = {isa = PBXBuildFile; fileRef = 5AFCC1972A78B83500FE73DB /* LaunchScreen.storyboard */; };
		5AFCC1A12A78C14500FE73DB /* FirstViewController.swift in Sources */ = {isa = PBXBuildFile; fileRef = 5AFCC1A02A78C14500FE73DB /* FirstViewController.swift */; };
		5AFCC1A32A78C15400FE73DB /* SecondViewController.swift in Sources */ = {isa = PBXBuildFile; fileRef = 5AFCC1A22A78C15400FE73DB /* SecondViewController.swift */; };
		5AFCC1A52A78C16500FE73DB /* ThirdViewController.swift in Sources */ = {isa = PBXBuildFile; fileRef = 5AFCC1A42A78C16500FE73DB /* ThirdViewController.swift */; };
		5AFCC1A72A78C17800FE73DB /* FourthViewController.swift in Sources */ = {isa = PBXBuildFile; fileRef = 5AFCC1A62A78C17800FE73DB /* FourthViewController.swift */; };
		5AFCC1A92A78C18900FE73DB /* FifthViewController.swift in Sources */ = {isa = PBXBuildFile; fileRef = 5AFCC1A82A78C18900FE73DB /* FifthViewController.swift */; };
/* End PBXBuildFile section */

/* Begin PBXFileReference section */
		5AFCC1892A78B83400FE73DB /* Nav&Tab_code.app */ = {isa = PBXFileReference; explicitFileType = wrapper.application; includeInIndex = 0; path = "Nav&Tab_code.app"; sourceTree = BUILT_PRODUCTS_DIR; };
		5AFCC18C2A78B83400FE73DB /* AppDelegate.swift */ = {isa = PBXFileReference; lastKnownFileType = sourcecode.swift; path = AppDelegate.swift; sourceTree = "<group>"; };
		5AFCC18E2A78B83400FE73DB /* SceneDelegate.swift */ = {isa = PBXFileReference; lastKnownFileType = sourcecode.swift; path = SceneDelegate.swift; sourceTree = "<group>"; };
		5AFCC1902A78B83400FE73DB /* LoginViewController.swift */ = {isa = PBXFileReference; lastKnownFileType = sourcecode.swift; path = LoginViewController.swift; sourceTree = "<group>"; };
		5AFCC1932A78B83400FE73DB /* Base */ = {isa = PBXFileReference; lastKnownFileType = file.storyboard; name = Base; path = Base.lproj/Main.storyboard; sourceTree = "<group>"; };
		5AFCC1952A78B83500FE73DB /* Assets.xcassets */ = {isa = PBXFileReference; lastKnownFileType = folder.assetcatalog; path = Assets.xcassets; sourceTree = "<group>"; };
		5AFCC1982A78B83500FE73DB /* Base */ = {isa = PBXFileReference; lastKnownFileType = file.storyboard; name = Base; path = Base.lproj/LaunchScreen.storyboard; sourceTree = "<group>"; };
		5AFCC19A2A78B83500FE73DB /* Info.plist */ = {isa = PBXFileReference; lastKnownFileType = text.plist.xml; path = Info.plist; sourceTree = "<group>"; };
		5AFCC1A02A78C14500FE73DB /* FirstViewController.swift */ = {isa = PBXFileReference; lastKnownFileType = sourcecode.swift; path = FirstViewController.swift; sourceTree = "<group>"; };
		5AFCC1A22A78C15400FE73DB /* SecondViewController.swift */ = {isa = PBXFileReference; lastKnownFileType = sourcecode.swift; path = SecondViewController.swift; sourceTree = "<group>"; };
		5AFCC1A42A78C16500FE73DB /* ThirdViewController.swift */ = {isa = PBXFileReference; lastKnownFileType = sourcecode.swift; path = ThirdViewController.swift; sourceTree = "<group>"; };
		5AFCC1A62A78C17800FE73DB /* FourthViewController.swift */ = {isa = PBXFileReference; lastKnownFileType = sourcecode.swift; path = FourthViewController.swift; sourceTree = "<group>"; };
		5AFCC1A82A78C18900FE73DB /* FifthViewController.swift */ = {isa = PBXFileReference; lastKnownFileType = sourcecode.swift; path = FifthViewController.swift; sourceTree = "<group>"; };
/* End PBXFileReference section */

/* Begin PBXFrameworksBuildPhase section */
		5AFCC1862A78B83400FE73DB /* Frameworks */ = {
			isa = PBXFrameworksBuildPhase;
			buildActionMask = 2147483647;
			files = (
			);
			runOnlyForDeploymentPostprocessing = 0;
		};
/* End PBXFrameworksBuildPhase section */

/* Begin PBXGroup section */
		5AFCC1802A78B83300FE73DB = {
			isa = PBXGroup;
			children = (
				5AFCC18B2A78B83400FE73DB /* Nav&Tab_code */,
				5AFCC18A2A78B83400FE73DB /* Products */,
			);
			sourceTree = "<group>";
		};
		5AFCC18A2A78B83400FE73DB /* Products */ = {
			isa = PBXGroup;
			children = (
				5AFCC1892A78B83400FE73DB /* Nav&Tab_code.app */,
			);
			name = Products;
			sourceTree = "<group>";
		};
		5AFCC18B2A78B83400FE73DB /* Nav&Tab_code */ = {
			isa = PBXGroup;
			children = (
				5AFCC18C2A78B83400FE73DB /* AppDelegate.swift */,
				5AFCC18E2A78B83400FE73DB /* SceneDelegate.swift */,
				5AFCC1902A78B83400FE73DB /* LoginViewController.swift */,
				5AFCC1A02A78C14500FE73DB /* FirstViewController.swift */,
				5AFCC1A22A78C15400FE73DB /* SecondViewController.swift */,
				5AFCC1A42A78C16500FE73DB /* ThirdViewController.swift */,
				5AFCC1A62A78C17800FE73DB /* FourthViewController.swift */,
				5AFCC1A82A78C18900FE73DB /* FifthViewController.swift */,
				5AFCC1922A78B83400FE73DB /* Main.storyboard */,
				5AFCC1952A78B83500FE73DB /* Assets.xcassets */,
				5AFCC1972A78B83500FE73DB /* LaunchScreen.storyboard */,
				5AFCC19A2A78B83500FE73DB /* Info.plist */,
			);
			path = "Nav&Tab_code";
			sourceTree = "<group>";
		};
/* End PBXGroup section */

/* Begin PBXNativeTarget section */
		5AFCC1882A78B83400FE73DB /* Nav&Tab_code */ = {
			isa = PBXNativeTarget;
			buildConfigurationList = 5AFCC19D2A78B83500FE73DB /* Build configuration list for PBXNativeTarget "Nav&Tab_code" */;
			buildPhases = (
				5AFCC1852A78B83400FE73DB /* Sources */,
				5AFCC1862A78B83400FE73DB /* Frameworks */,
				5AFCC1872A78B83400FE73DB /* Resources */,
			);
			buildRules = (
			);
			dependencies = (
			);
			name = "Nav&Tab_code";
			productName = "Nav&Tab_code";
			productReference = 5AFCC1892A78B83400FE73DB /* Nav&Tab_code.app */;
			productType = "com.apple.product-type.application";
		};
/* End PBXNativeTarget section */

/* Begin PBXProject section */
		5AFCC1812A78B83300FE73DB /* Project object */ = {
			isa = PBXProject;
			attributes = {
				BuildIndependentTargetsInParallel = 1;
				LastSwiftUpdateCheck = 1420;
				LastUpgradeCheck = 1420;
				TargetAttributes = {
					5AFCC1882A78B83400FE73DB = {
						CreatedOnToolsVersion = 14.2;
					};
				};
			};
			buildConfigurationList = 5AFCC1842A78B83300FE73DB /* Build configuration list for PBXProject "Nav&Tab_code" */;
			compatibilityVersion = "Xcode 14.0";
			developmentRegion = en;
			hasScannedForEncodings = 0;
			knownRegions = (
				en,
				Base,
			);
			mainGroup = 5AFCC1802A78B83300FE73DB;
			productRefGroup = 5AFCC18A2A78B83400FE73DB /* Products */;
			projectDirPath = "";
			projectRoot = "";
			targets = (
				5AFCC1882A78B83400FE73DB /* Nav&Tab_code */,
			);
		};
/* End PBXProject section */

/* Begin PBXResourcesBuildPhase section */
		5AFCC1872A78B83400FE73DB /* Resources */ = {
			isa = PBXResourcesBuildPhase;
			buildActionMask = 2147483647;
			files = (
				5AFCC1992A78B83500FE73DB /* LaunchScreen.storyboard in Resources */,
				5AFCC1962A78B83500FE73DB /* Assets.xcassets in Resources */,
				5AFCC1942A78B83400FE73DB /* Main.storyboard in Resources */,
			);
			runOnlyForDeploymentPostprocessing = 0;
		};
/* End PBXResourcesBuildPhase section */

/* Begin PBXSourcesBuildPhase section */
		5AFCC1852A78B83400FE73DB /* Sources */ = {
			isa = PBXSourcesBuildPhase;
			buildActionMask = 2147483647;
			files = (
				5AFCC1912A78B83400FE73DB /* LoginViewController.swift in Sources */,
				5AFCC18D2A78B83400FE73DB /* AppDelegate.swift in Sources */,
				5AFCC18F2A78B83400FE73DB /* SceneDelegate.swift in Sources */,
				5AFCC1A72A78C17800FE73DB /* FourthViewController.swift in Sources */,
				5AFCC1A92A78C18900FE73DB /* FifthViewController.swift in Sources */,
				5AFCC1A32A78C15400FE73DB /* SecondViewController.swift in Sources */,
				5AFCC1A52A78C16500FE73DB /* ThirdViewController.swift in Sources */,
				5AFCC1A12A78C14500FE73DB /* FirstViewController.swift in Sources */,
			);
			runOnlyForDeploymentPostprocessing = 0;
		};
/* End PBXSourcesBuildPhase section */

/* Begin PBXVariantGroup section */
		5AFCC1922A78B83400FE73DB /* Main.storyboard */ = {
			isa = PBXVariantGroup;
			children = (
				5AFCC1932A78B83400FE73DB /* Base */,
			);
			name = Main.storyboard;
			sourceTree = "<group>";
		};
		5AFCC1972A78B83500FE73DB /* LaunchScreen.storyboard */ = {
			isa = PBXVariantGroup;
			children = (
				5AFCC1982A78B83500FE73DB /* Base */,
			);
			name = LaunchScreen.storyboard;
			sourceTree = "<group>";
		};
/* End PBXVariantGroup section */

/* Begin XCBuildConfiguration section */
		5AFCC19B2A78B83500FE73DB /* Debug */ = {
			isa = XCBuildConfiguration;
			buildSettings = {
				ALWAYS_SEARCH_USER_PATHS = NO;
				CLANG_ANALYZER_NONNULL = YES;
				CLANG_ANALYZER_NUMBER_OBJECT_CONVERSION = YES_AGGRESSIVE;
				CLANG_CXX_LANGUAGE_STANDARD = "gnu++20";
				CLANG_ENABLE_MODULES = YES;
				CLANG_ENABLE_OBJC_ARC = YES;
				CLANG_ENABLE_OBJC_WEAK = YES;
				CLANG_WARN_BLOCK_CAPTURE_AUTORELEASING = YES;
				CLANG_WARN_BOOL_CONVERSION = YES;
				CLANG_WARN_COMMA = YES;
				CLANG_WARN_CONSTANT_CONVERSION = YES;
				CLANG_WARN_DEPRECATED_OBJC_IMPLEMENTATIONS = YES;
				CLANG_WARN_DIRECT_OBJC_ISA_USAGE = YES_ERROR;
				CLANG_WARN_DOCUMENTATION_COMMENTS = YES;
				CLANG_WARN_EMPTY_BODY = YES;
				CLANG_WARN_ENUM_CONVERSION = YES;
				CLANG_WARN_INFINITE_RECURSION = YES;
				CLANG_WARN_INT_CONVERSION = YES;
				CLANG_WARN_NON_LITERAL_NULL_CONVERSION = YES;
				CLANG_WARN_OBJC_IMPLICIT_RETAIN_SELF = YES;
				CLANG_WARN_OBJC_LITERAL_CONVERSION = YES;
				CLANG_WARN_OBJC_ROOT_CLASS = YES_ERROR;
				CLANG_WARN_QUOTED_INCLUDE_IN_FRAMEWORK_HEADER = YES;
				CLANG_WARN_RANGE_LOOP_ANALYSIS = YES;
				CLANG_WARN_STRICT_PROTOTYPES = YES;
				CLANG_WARN_SUSPICIOUS_MOVE = YES;
				CLANG_WARN_UNGUARDED_AVAILABILITY = YES_AGGRESSIVE;
				CLANG_WARN_UNREACHABLE_CODE = YES;
				CLANG_WARN__DUPLICATE_METHOD_MATCH = YES;
				COPY_PHASE_STRIP = NO;
				DEBUG_INFORMATION_FORMAT = dwarf;
				ENABLE_STRICT_OBJC_MSGSEND = YES;
				ENABLE_TESTABILITY = YES;
				GCC_C_LANGUAGE_STANDARD = gnu11;
				GCC_DYNAMIC_NO_PIC = NO;
				GCC_NO_COMMON_BLOCKS = YES;
				GCC_OPTIMIZATION_LEVEL = 0;
				GCC_PREPROCESSOR_DEFINITIONS = (
					"DEBUG=1",
					"$(inherited)",
				);
				GCC_WARN_64_TO_32_BIT_CONVERSION = YES;
				GCC_WARN_ABOUT_RETURN_TYPE = YES_ERROR;
				GCC_WARN_UNDECLARED_SELECTOR = YES;
				GCC_WARN_UNINITIALIZED_AUTOS = YES_AGGRESSIVE;
				GCC_WARN_UNUSED_FUNCTION = YES;
				GCC_WARN_UNUSED_VARIABLE = YES;
				IPHONEOS_DEPLOYMENT_TARGET = 16.2;
				MTL_ENABLE_DEBUG_INFO = INCLUDE_SOURCE;
				MTL_FAST_MATH = YES;
				ONLY_ACTIVE_ARCH = YES;
				SDKROOT = iphoneos;
				SWIFT_ACTIVE_COMPILATION_CONDITIONS = DEBUG;
				SWIFT_OPTIMIZATION_LEVEL = "-Onone";
			};
			name = Debug;
		};
		5AFCC19C2A78B83500FE73DB /* Release */ = {
			isa = XCBuildConfiguration;
			buildSettings = {
				ALWAYS_SEARCH_USER_PATHS = NO;
				CLANG_ANALYZER_NONNULL = YES;
				CLANG_ANALYZER_NUMBER_OBJECT_CONVERSION = YES_AGGRESSIVE;
				CLANG_CXX_LANGUAGE_STANDARD = "gnu++20";
				CLANG_ENABLE_MODULES = YES;
				CLANG_ENABLE_OBJC_ARC = YES;
				CLANG_ENABLE_OBJC_WEAK = YES;
				CLANG_WARN_BLOCK_CAPTURE_AUTORELEASING = YES;
				CLANG_WARN_BOOL_CONVERSION = YES;
				CLANG_WARN_COMMA = YES;
				CLANG_WARN_CONSTANT_CONVERSION = YES;
				CLANG_WARN_DEPRECATED_OBJC_IMPLEMENTATIONS = YES;
				CLANG_WARN_DIRECT_OBJC_ISA_USAGE = YES_ERROR;
				CLANG_WARN_DOCUMENTATION_COMMENTS = YES;
				CLANG_WARN_EMPTY_BODY = YES;
				CLANG_WARN_ENUM_CONVERSION = YES;
				CLANG_WARN_INFINITE_RECURSION = YES;
				CLANG_WARN_INT_CONVERSION = YES;
				CLANG_WARN_NON_LITERAL_NULL_CONVERSION = YES;
				CLANG_WARN_OBJC_IMPLICIT_RETAIN_SELF = YES;
				CLANG_WARN_OBJC_LITERAL_CONVERSION = YES;
				CLANG_WARN_OBJC_ROOT_CLASS = YES_ERROR;
				CLANG_WARN_QUOTED_INCLUDE_IN_FRAMEWORK_HEADER = YES;
				CLANG_WARN_RANGE_LOOP_ANALYSIS = YES;
				CLANG_WARN_STRICT_PROTOTYPES = YES;
				CLANG_WARN_SUSPICIOUS_MOVE = YES;
				CLANG_WARN_UNGUARDED_AVAILABILITY = YES_AGGRESSIVE;
				CLANG_WARN_UNREACHABLE_CODE = YES;
				CLANG_WARN__DUPLICATE_METHOD_MATCH = YES;
				COPY_PHASE_STRIP = NO;
				DEBUG_INFORMATION_FORMAT = "dwarf-with-dsym";
				ENABLE_NS_ASSERTIONS = NO;
				ENABLE_STRICT_OBJC_MSGSEND = YES;
				GCC_C_LANGUAGE_STANDARD = gnu11;
				GCC_NO_COMMON_BLOCKS = YES;
				GCC_WARN_64_TO_32_BIT_CONVERSION = YES;
				GCC_WARN_ABOUT_RETURN_TYPE = YES_ERROR;
				GCC_WARN_UNDECLARED_SELECTOR = YES;
				GCC_WARN_UNINITIALIZED_AUTOS = YES_AGGRESSIVE;
				GCC_WARN_UNUSED_FUNCTION = YES;
				GCC_WARN_UNUSED_VARIABLE = YES;
				IPHONEOS_DEPLOYMENT_TARGET = 16.2;
				MTL_ENABLE_DEBUG_INFO = NO;
				MTL_FAST_MATH = YES;
				SDKROOT = iphoneos;
				SWIFT_COMPILATION_MODE = wholemodule;
				SWIFT_OPTIMIZATION_LEVEL = "-O";
				VALIDATE_PRODUCT = YES;
			};
			name = Release;
		};
		5AFCC19E2A78B83500FE73DB /* Debug */ = {
			isa = XCBuildConfiguration;
			buildSettings = {
				ASSETCATALOG_COMPILER_APPICON_NAME = AppIcon;
				ASSETCATALOG_COMPILER_GLOBAL_ACCENT_COLOR_NAME = AccentColor;
				CODE_SIGN_STYLE = Automatic;
				CURRENT_PROJECT_VERSION = 1;
				GENERATE_INFOPLIST_FILE = YES;
				INFOPLIST_FILE = "Nav&Tab_code/Info.plist";
				INFOPLIST_KEY_UIApplicationSupportsIndirectInputEvents = YES;
				INFOPLIST_KEY_UILaunchStoryboardName = LaunchScreen;
				INFOPLIST_KEY_UIMainStoryboardFile = Main;
				INFOPLIST_KEY_UISupportedInterfaceOrientations_iPad = "UIInterfaceOrientationPortrait UIInterfaceOrientationPortraitUpsideDown UIInterfaceOrientationLandscapeLeft UIInterfaceOrientationLandscapeRight";
				INFOPLIST_KEY_UISupportedInterfaceOrientations_iPhone = "UIInterfaceOrientationPortrait UIInterfaceOrientationLandscapeLeft UIInterfaceOrientationLandscapeRight";
				LD_RUNPATH_SEARCH_PATHS = (
					"$(inherited)",
					"@executable_path/Frameworks",
				);
				MARKETING_VERSION = 1.0;
				PRODUCT_BUNDLE_IDENTIFIER = "com.minho.Nav-Tab-code";
				PRODUCT_NAME = "$(TARGET_NAME)";
				SWIFT_EMIT_LOC_STRINGS = YES;
				SWIFT_VERSION = 5.0;
				TARGETED_DEVICE_FAMILY = "1,2";
			};
			name = Debug;
		};
		5AFCC19F2A78B83500FE73DB /* Release */ = {
			isa = XCBuildConfiguration;
			buildSettings = {
				ASSETCATALOG_COMPILER_APPICON_NAME = AppIcon;
				ASSETCATALOG_COMPILER_GLOBAL_ACCENT_COLOR_NAME = AccentColor;
				CODE_SIGN_STYLE = Automatic;
				CURRENT_PROJECT_VERSION = 1;
				GENERATE_INFOPLIST_FILE = YES;
				INFOPLIST_FILE = "Nav&Tab_code/Info.plist";
				INFOPLIST_KEY_UIApplicationSupportsIndirectInputEvents = YES;
				INFOPLIST_KEY_UILaunchStoryboardName = LaunchScreen;
				INFOPLIST_KEY_UIMainStoryboardFile = Main;
				INFOPLIST_KEY_UISupportedInterfaceOrientations_iPad = "UIInterfaceOrientationPortrait UIInterfaceOrientationPortraitUpsideDown UIInterfaceOrientationLandscapeLeft UIInterfaceOrientationLandscapeRight";
				INFOPLIST_KEY_UISupportedInterfaceOrientations_iPhone = "UIInterfaceOrientationPortrait UIInterfaceOrientationLandscapeLeft UIInterfaceOrientationLandscapeRight";
				LD_RUNPATH_SEARCH_PATHS = (
					"$(inherited)",
					"@executable_path/Frameworks",
				);
				MARKETING_VERSION = 1.0;
				PRODUCT_BUNDLE_IDENTIFIER = "com.minho.Nav-Tab-code";
				PRODUCT_NAME = "$(TARGET_NAME)";
				SWIFT_EMIT_LOC_STRINGS = YES;
				SWIFT_VERSION = 5.0;
				TARGETED_DEVICE_FAMILY = "1,2";
			};
			name = Release;
		};
/* End XCBuildConfiguration section */

/* Begin XCConfigurationList section */
		5AFCC1842A78B83300FE73DB /* Build configuration list for PBXProject "Nav&Tab_code" */ = {
			isa = XCConfigurationList;
			buildConfigurations = (
				5AFCC19B2A78B83500FE73DB /* Debug */,
				5AFCC19C2A78B83500FE73DB /* Release */,
			);
			defaultConfigurationIsVisible = 0;
			defaultConfigurationName = Release;
		};
		5AFCC19D2A78B83500FE73DB /* Build configuration list for PBXNativeTarget "Nav&Tab_code" */ = {
			isa = XCConfigurationList;
			buildConfigurations = (
				5AFCC19E2A78B83500FE73DB /* Debug */,
				5AFCC19F2A78B83500FE73DB /* Release */,
			);
			defaultConfigurationIsVisible = 0;
			defaultConfigurationName = Release;
		};
/* End XCConfigurationList section */
	};
	rootObject = 5AFCC1812A78B83300FE73DB /* Project object */;
}
