// !$*UTF8*$!
{
	archiveVersion = 1;
	classes = {
	};
	objectVersion = 56;
	objects = {

/* Begin PBXBuildFile section */
		5A9C6F4C2A72739800FB5C57 /* AppDelegate.swift in Sources */ = {isa = PBXBuildFile; fileRef = 5A9C6F4B2A72739800FB5C57 /* AppDelegate.swift */; };
		5A9C6F4E2A72739900FB5C57 /* SceneDelegate.swift in Sources */ = {isa = PBXBuildFile; fileRef = 5A9C6F4D2A72739900FB5C57 /* SceneDelegate.swift */; };
		5A9C6F502A72739900FB5C57 /* ViewController.swift in Sources */ = {isa = PBXBuildFile; fileRef = 5A9C6F4F2A72739900FB5C57 /* ViewController.swift */; };
		5A9C6F532A72739900FB5C57 /* Main.storyboard in Resources */ = {isa = PBXBuildFile; fileRef = 5A9C6F512A72739900FB5C57 /* Main.storyboard */; };
		5A9C6F552A72739A00FB5C57 /* Assets.xcassets in Resources */ = {isa = PBXBuildFile; fileRef = 5A9C6F542A72739A00FB5C57 /* Assets.xcassets */; };
		5A9C6F582A72739A00FB5C57 /* LaunchScreen.storyboard in Resources */ = {isa = PBXBuildFile; fileRef = 5A9C6F562A72739A00FB5C57 /* LaunchScreen.storyboard */; };
		5A9C6F602A72A63D00FB5C57 /* ResultViewController.swift in Sources */ = {isa = PBXBuildFile; fileRef = 5A9C6F5F2A72A63D00FB5C57 /* ResultViewController.swift */; };
		5A9C6F622A72B81400FB5C57 /* BMIStatus.swift in Sources */ = {isa = PBXBuildFile; fileRef = 5A9C6F612A72B81400FB5C57 /* BMIStatus.swift */; };
		5ABEF88F2A7364D900B28026 /* BMICalculator.swift in Sources */ = {isa = PBXBuildFile; fileRef = 5ABEF88E2A7364D900B28026 /* BMICalculator.swift */; };
		5ABEF8922A73874B00B28026 /* BMI.swift in Sources */ = {isa = PBXBuildFile; fileRef = 5ABEF8912A73874B00B28026 /* BMI.swift */; };
/* End PBXBuildFile section */

/* Begin PBXFileReference section */
		5A9C6F482A72739800FB5C57 /* BMI.app */ = {isa = PBXFileReference; explicitFileType = wrapper.application; includeInIndex = 0; path = BMI.app; sourceTree = BUILT_PRODUCTS_DIR; };
		5A9C6F4B2A72739800FB5C57 /* AppDelegate.swift */ = {isa = PBXFileReference; lastKnownFileType = sourcecode.swift; path = AppDelegate.swift; sourceTree = "<group>"; };
		5A9C6F4D2A72739900FB5C57 /* SceneDelegate.swift */ = {isa = PBXFileReference; lastKnownFileType = sourcecode.swift; path = SceneDelegate.swift; sourceTree = "<group>"; };
		5A9C6F4F2A72739900FB5C57 /* ViewController.swift */ = {isa = PBXFileReference; lastKnownFileType = sourcecode.swift; path = ViewController.swift; sourceTree = "<group>"; };
		5A9C6F522A72739900FB5C57 /* Base */ = {isa = PBXFileReference; lastKnownFileType = file.storyboard; name = Base; path = Base.lproj/Main.storyboard; sourceTree = "<group>"; };
		5A9C6F542A72739A00FB5C57 /* Assets.xcassets */ = {isa = PBXFileReference; lastKnownFileType = folder.assetcatalog; path = Assets.xcassets; sourceTree = "<group>"; };
		5A9C6F572A72739A00FB5C57 /* Base */ = {isa = PBXFileReference; lastKnownFileType = file.storyboard; name = Base; path = Base.lproj/LaunchScreen.storyboard; sourceTree = "<group>"; };
		5A9C6F592A72739A00FB5C57 /* Info.plist */ = {isa = PBXFileReference; lastKnownFileType = text.plist.xml; path = Info.plist; sourceTree = "<group>"; };
		5A9C6F5F2A72A63D00FB5C57 /* ResultViewController.swift */ = {isa = PBXFileReference; lastKnownFileType = sourcecode.swift; path = ResultViewController.swift; sourceTree = "<group>"; };
		5A9C6F612A72B81400FB5C57 /* BMIStatus.swift */ = {isa = PBXFileReference; lastKnownFileType = sourcecode.swift; path = BMIStatus.swift; sourceTree = "<group>"; };
		5ABEF88E2A7364D900B28026 /* BMICalculator.swift */ = {isa = PBXFileReference; lastKnownFileType = sourcecode.swift; path = BMICalculator.swift; sourceTree = "<group>"; };
		5ABEF8912A73874B00B28026 /* BMI.swift */ = {isa = PBXFileReference; lastKnownFileType = sourcecode.swift; path = BMI.swift; sourceTree = "<group>"; };
/* End PBXFileReference section */

/* Begin PBXFrameworksBuildPhase section */
		5A9C6F452A72739800FB5C57 /* Frameworks */ = {
			isa = PBXFrameworksBuildPhase;
			buildActionMask = 2147483647;
			files = (
			);
			runOnlyForDeploymentPostprocessing = 0;
		};
/* End PBXFrameworksBuildPhase section */

/* Begin PBXGroup section */
		5A9C6F3F2A72739800FB5C57 = {
			isa = PBXGroup;
			children = (
				5A9C6F4A2A72739800FB5C57 /* BMI */,
				5A9C6F492A72739800FB5C57 /* Products */,
			);
			sourceTree = "<group>";
		};
		5A9C6F492A72739800FB5C57 /* Products */ = {
			isa = PBXGroup;
			children = (
				5A9C6F482A72739800FB5C57 /* BMI.app */,
			);
			name = Products;
			sourceTree = "<group>";
		};
		5A9C6F4A2A72739800FB5C57 /* BMI */ = {
			isa = PBXGroup;
			children = (
				5ABEF8892A7362E700B28026 /* Models */,
				5ABEF88A2A7362F900B28026 /* Views */,
				5ABEF88D2A73642900B28026 /* Controllers */,
				5A9C6F4B2A72739800FB5C57 /* AppDelegate.swift */,
				5A9C6F4D2A72739900FB5C57 /* SceneDelegate.swift */,
				5A9C6F612A72B81400FB5C57 /* BMIStatus.swift */,
				5A9C6F542A72739A00FB5C57 /* Assets.xcassets */,
				5A9C6F562A72739A00FB5C57 /* LaunchScreen.storyboard */,
				5A9C6F592A72739A00FB5C57 /* Info.plist */,
			);
			path = BMI;
			sourceTree = "<group>";
		};
		5ABEF8892A7362E700B28026 /* Models */ = {
			isa = PBXGroup;
			children = (
				5ABEF88E2A7364D900B28026 /* BMICalculator.swift */,
				5ABEF8912A73874B00B28026 /* BMI.swift */,
			);
			path = Models;
			sourceTree = "<group>";
		};
		5ABEF88A2A7362F900B28026 /* Views */ = {
			isa = PBXGroup;
			children = (
				5A9C6F512A72739900FB5C57 /* Main.storyboard */,
			);
			path = Views;
			sourceTree = "<group>";
		};
		5ABEF88D2A73642900B28026 /* Controllers */ = {
			isa = PBXGroup;
			children = (
				5A9C6F4F2A72739900FB5C57 /* ViewController.swift */,
				5A9C6F5F2A72A63D00FB5C57 /* ResultViewController.swift */,
			);
			path = Controllers;
			sourceTree = "<group>";
		};
/* End PBXGroup section */

/* Begin PBXNativeTarget section */
		5A9C6F472A72739800FB5C57 /* BMI */ = {
			isa = PBXNativeTarget;
			buildConfigurationList = 5A9C6F5C2A72739A00FB5C57 /* Build configuration list for PBXNativeTarget "BMI" */;
			buildPhases = (
				5A9C6F442A72739800FB5C57 /* Sources */,
				5A9C6F452A72739800FB5C57 /* Frameworks */,
				5A9C6F462A72739800FB5C57 /* Resources */,
			);
			buildRules = (
			);
			dependencies = (
			);
			name = BMI;
			productName = BMI;
			productReference = 5A9C6F482A72739800FB5C57 /* BMI.app */;
			productType = "com.apple.product-type.application";
		};
/* End PBXNativeTarget section */

/* Begin PBXProject section */
		5A9C6F402A72739800FB5C57 /* Project object */ = {
			isa = PBXProject;
			attributes = {
				BuildIndependentTargetsInParallel = 1;
				LastSwiftUpdateCheck = 1420;
				LastUpgradeCheck = 1420;
				TargetAttributes = {
					5A9C6F472A72739800FB5C57 = {
						CreatedOnToolsVersion = 14.2;
					};
				};
			};
			buildConfigurationList = 5A9C6F432A72739800FB5C57 /* Build configuration list for PBXProject "BMI" */;
			compatibilityVersion = "Xcode 14.0";
			developmentRegion = en;
			hasScannedForEncodings = 0;
			knownRegions = (
				en,
				Base,
			);
			mainGroup = 5A9C6F3F2A72739800FB5C57;
			productRefGroup = 5A9C6F492A72739800FB5C57 /* Products */;
			projectDirPath = "";
			projectRoot = "";
			targets = (
				5A9C6F472A72739800FB5C57 /* BMI */,
			);
		};
/* End PBXProject section */

/* Begin PBXResourcesBuildPhase section */
		5A9C6F462A72739800FB5C57 /* Resources */ = {
			isa = PBXResourcesBuildPhase;
			buildActionMask = 2147483647;
			files = (
				5A9C6F582A72739A00FB5C57 /* LaunchScreen.storyboard in Resources */,
				5A9C6F552A72739A00FB5C57 /* Assets.xcassets in Resources */,
				5A9C6F532A72739900FB5C57 /* Main.storyboard in Resources */,
			);
			runOnlyForDeploymentPostprocessing = 0;
		};
/* End PBXResourcesBuildPhase section */

/* Begin PBXSourcesBuildPhase section */
		5A9C6F442A72739800FB5C57 /* Sources */ = {
			isa = PBXSourcesBuildPhase;
			buildActionMask = 2147483647;
			files = (
				5A9C6F502A72739900FB5C57 /* ViewController.swift in Sources */,
				5A9C6F4C2A72739800FB5C57 /* AppDelegate.swift in Sources */,
				5A9C6F4E2A72739900FB5C57 /* SceneDelegate.swift in Sources */,
				5ABEF8922A73874B00B28026 /* BMI.swift in Sources */,
				5A9C6F602A72A63D00FB5C57 /* ResultViewController.swift in Sources */,
				5ABEF88F2A7364D900B28026 /* BMICalculator.swift in Sources */,
				5A9C6F622A72B81400FB5C57 /* BMIStatus.swift in Sources */,
			);
			runOnlyForDeploymentPostprocessing = 0;
		};
/* End PBXSourcesBuildPhase section */

/* Begin PBXVariantGroup section */
		5A9C6F512A72739900FB5C57 /* Main.storyboard */ = {
			isa = PBXVariantGroup;
			children = (
				5A9C6F522A72739900FB5C57 /* Base */,
			);
			name = Main.storyboard;
			sourceTree = "<group>";
		};
		5A9C6F562A72739A00FB5C57 /* LaunchScreen.storyboard */ = {
			isa = PBXVariantGroup;
			children = (
				5A9C6F572A72739A00FB5C57 /* Base */,
			);
			name = LaunchScreen.storyboard;
			sourceTree = "<group>";
		};
/* End PBXVariantGroup section */

/* Begin XCBuildConfiguration section */
		5A9C6F5A2A72739A00FB5C57 /* Debug */ = {
			isa = XCBuildConfiguration;
			buildSettings = {
				ALWAYS_SEARCH_USER_PATHS = NO;
				CLANG_ANALYZER_NONNULL = YES;
				CLANG_ANALYZER_NUMBER_OBJECT_CONVERSION = YES_AGGRESSIVE;
				CLANG_CXX_LANGUAGE_STANDARD = "gnu++20";
				CLANG_ENABLE_MODULES = YES;
				CLANG_ENABLE_OBJC_ARC = YES;
				CLANG_ENABLE_OBJC_WEAK = YES;
				CLANG_WARN_BLOCK_CAPTURE_AUTORELEASING = YES;
				CLANG_WARN_BOOL_CONVERSION = YES;
				CLANG_WARN_COMMA = YES;
				CLANG_WARN_CONSTANT_CONVERSION = YES;
				CLANG_WARN_DEPRECATED_OBJC_IMPLEMENTATIONS = YES;
				CLANG_WARN_DIRECT_OBJC_ISA_USAGE = YES_ERROR;
				CLANG_WARN_DOCUMENTATION_COMMENTS = YES;
				CLANG_WARN_EMPTY_BODY = YES;
				CLANG_WARN_ENUM_CONVERSION = YES;
				CLANG_WARN_INFINITE_RECURSION = YES;
				CLANG_WARN_INT_CONVERSION = YES;
				CLANG_WARN_NON_LITERAL_NULL_CONVERSION = YES;
				CLANG_WARN_OBJC_IMPLICIT_RETAIN_SELF = YES;
				CLANG_WARN_OBJC_LITERAL_CONVERSION = YES;
				CLANG_WARN_OBJC_ROOT_CLASS = YES_ERROR;
				CLANG_WARN_QUOTED_INCLUDE_IN_FRAMEWORK_HEADER = YES;
				CLANG_WARN_RANGE_LOOP_ANALYSIS = YES;
				CLANG_WARN_STRICT_PROTOTYPES = YES;
				CLANG_WARN_SUSPICIOUS_MOVE = YES;
				CLANG_WARN_UNGUARDED_AVAILABILITY = YES_AGGRESSIVE;
				CLANG_WARN_UNREACHABLE_CODE = YES;
				CLANG_WARN__DUPLICATE_METHOD_MATCH = YES;
				COPY_PHASE_STRIP = NO;
				DEBUG_INFORMATION_FORMAT = dwarf;
				ENABLE_STRICT_OBJC_MSGSEND = YES;
				ENABLE_TESTABILITY = YES;
				GCC_C_LANGUAGE_STANDARD = gnu11;
				GCC_DYNAMIC_NO_PIC = NO;
				GCC_NO_COMMON_BLOCKS = YES;
				GCC_OPTIMIZATION_LEVEL = 0;
				GCC_PREPROCESSOR_DEFINITIONS = (
					"DEBUG=1",
					"$(inherited)",
				);
				GCC_WARN_64_TO_32_BIT_CONVERSION = YES;
				GCC_WARN_ABOUT_RETURN_TYPE = YES_ERROR;
				GCC_WARN_UNDECLARED_SELECTOR = YES;
				GCC_WARN_UNINITIALIZED_AUTOS = YES_AGGRESSIVE;
				GCC_WARN_UNUSED_FUNCTION = YES;
				GCC_WARN_UNUSED_VARIABLE = YES;
				IPHONEOS_DEPLOYMENT_TARGET = 16.2;
				MTL_ENABLE_DEBUG_INFO = INCLUDE_SOURCE;
				MTL_FAST_MATH = YES;
				ONLY_ACTIVE_ARCH = YES;
				SDKROOT = iphoneos;
				SWIFT_ACTIVE_COMPILATION_CONDITIONS = DEBUG;
				SWIFT_OPTIMIZATION_LEVEL = "-Onone";
			};
			name = Debug;
		};
		5A9C6F5B2A72739A00FB5C57 /* Release */ = {
			isa = XCBuildConfiguration;
			buildSettings = {
				ALWAYS_SEARCH_USER_PATHS = NO;
				CLANG_ANALYZER_NONNULL = YES;
				CLANG_ANALYZER_NUMBER_OBJECT_CONVERSION = YES_AGGRESSIVE;
				CLANG_CXX_LANGUAGE_STANDARD = "gnu++20";
				CLANG_ENABLE_MODULES = YES;
				CLANG_ENABLE_OBJC_ARC = YES;
				CLANG_ENABLE_OBJC_WEAK = YES;
				CLANG_WARN_BLOCK_CAPTURE_AUTORELEASING = YES;
				CLANG_WARN_BOOL_CONVERSION = YES;
				CLANG_WARN_COMMA = YES;
				CLANG_WARN_CONSTANT_CONVERSION = YES;
				CLANG_WARN_DEPRECATED_OBJC_IMPLEMENTATIONS = YES;
				CLANG_WARN_DIRECT_OBJC_ISA_USAGE = YES_ERROR;
				CLANG_WARN_DOCUMENTATION_COMMENTS = YES;
				CLANG_WARN_EMPTY_BODY = YES;
				CLANG_WARN_ENUM_CONVERSION = YES;
				CLANG_WARN_INFINITE_RECURSION = YES;
				CLANG_WARN_INT_CONVERSION = YES;
				CLANG_WARN_NON_LITERAL_NULL_CONVERSION = YES;
				CLANG_WARN_OBJC_IMPLICIT_RETAIN_SELF = YES;
				CLANG_WARN_OBJC_LITERAL_CONVERSION = YES;
				CLANG_WARN_OBJC_ROOT_CLASS = YES_ERROR;
				CLANG_WARN_QUOTED_INCLUDE_IN_FRAMEWORK_HEADER = YES;
				CLANG_WARN_RANGE_LOOP_ANALYSIS = YES;
				CLANG_WARN_STRICT_PROTOTYPES = YES;
				CLANG_WARN_SUSPICIOUS_MOVE = YES;
				CLANG_WARN_UNGUARDED_AVAILABILITY = YES_AGGRESSIVE;
				CLANG_WARN_UNREACHABLE_CODE = YES;
				CLANG_WARN__DUPLICATE_METHOD_MATCH = YES;
				COPY_PHASE_STRIP = NO;
				DEBUG_INFORMATION_FORMAT = "dwarf-with-dsym";
				ENABLE_NS_ASSERTIONS = NO;
				ENABLE_STRICT_OBJC_MSGSEND = YES;
				GCC_C_LANGUAGE_STANDARD = gnu11;
				GCC_NO_COMMON_BLOCKS = YES;
				GCC_WARN_64_TO_32_BIT_CONVERSION = YES;
				GCC_WARN_ABOUT_RETURN_TYPE = YES_ERROR;
				GCC_WARN_UNDECLARED_SELECTOR = YES;
				GCC_WARN_UNINITIALIZED_AUTOS = YES_AGGRESSIVE;
				GCC_WARN_UNUSED_FUNCTION = YES;
				GCC_WARN_UNUSED_VARIABLE = YES;
				IPHONEOS_DEPLOYMENT_TARGET = 16.2;
				MTL_ENABLE_DEBUG_INFO = NO;
				MTL_FAST_MATH = YES;
				SDKROOT = iphoneos;
				SWIFT_COMPILATION_MODE = wholemodule;
				SWIFT_OPTIMIZATION_LEVEL = "-O";
				VALIDATE_PRODUCT = YES;
			};
			name = Release;
		};
		5A9C6F5D2A72739A00FB5C57 /* Debug */ = {
			isa = XCBuildConfiguration;
			buildSettings = {
				ASSETCATALOG_COMPILER_APPICON_NAME = AppIcon;
				ASSETCATALOG_COMPILER_GLOBAL_ACCENT_COLOR_NAME = AccentColor;
				CODE_SIGN_STYLE = Automatic;
				CURRENT_PROJECT_VERSION = 1;
				GENERATE_INFOPLIST_FILE = YES;
				INFOPLIST_FILE = BMI/Info.plist;
				INFOPLIST_KEY_UIApplicationSupportsIndirectInputEvents = YES;
				INFOPLIST_KEY_UILaunchStoryboardName = LaunchScreen;
				INFOPLIST_KEY_UIMainStoryboardFile = Main;
				INFOPLIST_KEY_UISupportedInterfaceOrientations_iPad = "UIInterfaceOrientationPortrait UIInterfaceOrientationPortraitUpsideDown UIInterfaceOrientationLandscapeLeft UIInterfaceOrientationLandscapeRight";
				INFOPLIST_KEY_UISupportedInterfaceOrientations_iPhone = "UIInterfaceOrientationPortrait UIInterfaceOrientationLandscapeLeft UIInterfaceOrientationLandscapeRight";
				LD_RUNPATH_SEARCH_PATHS = (
					"$(inherited)",
					"@executable_path/Frameworks",
				);
				MARKETING_VERSION = 1.0;
				PRODUCT_BUNDLE_IDENTIFIER = com.minho.BMI;
				PRODUCT_NAME = "$(TARGET_NAME)";
				SWIFT_EMIT_LOC_STRINGS = YES;
				SWIFT_VERSION = 5.0;
				TARGETED_DEVICE_FAMILY = "1,2";
			};
			name = Debug;
		};
		5A9C6F5E2A72739A00FB5C57 /* Release */ = {
			isa = XCBuildConfiguration;
			buildSettings = {
				ASSETCATALOG_COMPILER_APPICON_NAME = AppIcon;
				ASSETCATALOG_COMPILER_GLOBAL_ACCENT_COLOR_NAME = AccentColor;
				CODE_SIGN_STYLE = Automatic;
				CURRENT_PROJECT_VERSION = 1;
				GENERATE_INFOPLIST_FILE = YES;
				INFOPLIST_FILE = BMI/Info.plist;
				INFOPLIST_KEY_UIApplicationSupportsIndirectInputEvents = YES;
				INFOPLIST_KEY_UILaunchStoryboardName = LaunchScreen;
				INFOPLIST_KEY_UIMainStoryboardFile = Main;
				INFOPLIST_KEY_UISupportedInterfaceOrientations_iPad = "UIInterfaceOrientationPortrait UIInterfaceOrientationPortraitUpsideDown UIInterfaceOrientationLandscapeLeft UIInterfaceOrientationLandscapeRight";
				INFOPLIST_KEY_UISupportedInterfaceOrientations_iPhone = "UIInterfaceOrientationPortrait UIInterfaceOrientationLandscapeLeft UIInterfaceOrientationLandscapeRight";
				LD_RUNPATH_SEARCH_PATHS = (
					"$(inherited)",
					"@executable_path/Frameworks",
				);
				MARKETING_VERSION = 1.0;
				PRODUCT_BUNDLE_IDENTIFIER = com.minho.BMI;
				PRODUCT_NAME = "$(TARGET_NAME)";
				SWIFT_EMIT_LOC_STRINGS = YES;
				SWIFT_VERSION = 5.0;
				TARGETED_DEVICE_FAMILY = "1,2";
			};
			name = Release;
		};
/* End XCBuildConfiguration section */

/* Begin XCConfigurationList section */
		5A9C6F432A72739800FB5C57 /* Build configuration list for PBXProject "BMI" */ = {
			isa = XCConfigurationList;
			buildConfigurations = (
				5A9C6F5A2A72739A00FB5C57 /* Debug */,
				5A9C6F5B2A72739A00FB5C57 /* Release */,
			);
			defaultConfigurationIsVisible = 0;
			defaultConfigurationName = Release;
		};
		5A9C6F5C2A72739A00FB5C57 /* Build configuration list for PBXNativeTarget "BMI" */ = {
			isa = XCConfigurationList;
			buildConfigurations = (
				5A9C6F5D2A72739A00FB5C57 /* Debug */,
				5A9C6F5E2A72739A00FB5C57 /* Release */,
			);
			defaultConfigurationIsVisible = 0;
			defaultConfigurationName = Release;
		};
/* End XCConfigurationList section */
	};
	rootObject = 5A9C6F402A72739800FB5C57 /* Project object */;
}
